// !$*UTF8*$!
{
	archiveVersion = 1;
	classes = {
	};
	objectVersion = 46;
	objects = {

/* Begin PBXBuildFile section */
		9796A5F387A70B06EADA93D4 /* Pods_Twitter.framework in Frameworks */ = {isa = PBXBuildFile; fileRef = D57EE63795E742A561C7DB3D /* Pods_Twitter.framework */; };
		AF04A3311DCBDC5F009A6131 /* User.swift in Sources */ = {isa = PBXBuildFile; fileRef = AF04A3301DCBDC5F009A6131 /* User.swift */; };
		AF04A3331DCBDC6D009A6131 /* Tweet.swift in Sources */ = {isa = PBXBuildFile; fileRef = AF04A3321DCBDC6D009A6131 /* Tweet.swift */; };
		AF04A3361DCC1A31009A6131 /* TwitterClient.swift in Sources */ = {isa = PBXBuildFile; fileRef = AF04A3351DCC1A31009A6131 /* TwitterClient.swift */; };
		AF1BA4B51DCFFF8200F3072D /* DetailViewController.swift in Sources */ = {isa = PBXBuildFile; fileRef = AF1BA4B41DCFFF8200F3072D /* DetailViewController.swift */; };
		AF4758121DCA86F5008C6523 /* LoginViewController.swift in Sources */ = {isa = PBXBuildFile; fileRef = AF4758111DCA86F5008C6523 /* LoginViewController.swift */; };
		AF8592281DCD068D0091860F /* TweetsViewController.swift in Sources */ = {isa = PBXBuildFile; fileRef = AF8592271DCD068D0091860F /* TweetsViewController.swift */; };
		AFA30BF21DCD5548003678D6 /* TweetCell.swift in Sources */ = {isa = PBXBuildFile; fileRef = AFA30BF11DCD5548003678D6 /* TweetCell.swift */; };
		AFA30BF41DCFE0A2003678D6 /* ComposeViewController.swift in Sources */ = {isa = PBXBuildFile; fileRef = AFA30BF31DCFE0A2003678D6 /* ComposeViewController.swift */; };
		AFED64731DCA82B900C9578F /* AppDelegate.swift in Sources */ = {isa = PBXBuildFile; fileRef = AFED64721DCA82B900C9578F /* AppDelegate.swift */; };
		AFED64781DCA82B900C9578F /* Main.storyboard in Resources */ = {isa = PBXBuildFile; fileRef = AFED64761DCA82B900C9578F /* Main.storyboard */; };
		AFED647A1DCA82B900C9578F /* Assets.xcassets in Resources */ = {isa = PBXBuildFile; fileRef = AFED64791DCA82B900C9578F /* Assets.xcassets */; };
		AFED647D1DCA82B900C9578F /* LaunchScreen.storyboard in Resources */ = {isa = PBXBuildFile; fileRef = AFED647B1DCA82B900C9578F /* LaunchScreen.storyboard */; };
/* End PBXBuildFile section */

/* Begin PBXFileReference section */
		469BB80E16CDD4C65FC3B70B /* Pods-Twitter.release.xcconfig */ = {isa = PBXFileReference; includeInIndex = 1; lastKnownFileType = text.xcconfig; name = "Pods-Twitter.release.xcconfig"; path = "Pods/Target Support Files/Pods-Twitter/Pods-Twitter.release.xcconfig"; sourceTree = "<group>"; };
		995E47A0A770A0207FC081BA /* Pods-Twitter.debug.xcconfig */ = {isa = PBXFileReference; includeInIndex = 1; lastKnownFileType = text.xcconfig; name = "Pods-Twitter.debug.xcconfig"; path = "Pods/Target Support Files/Pods-Twitter/Pods-Twitter.debug.xcconfig"; sourceTree = "<group>"; };
		AF04A3301DCBDC5F009A6131 /* User.swift */ = {isa = PBXFileReference; fileEncoding = 4; lastKnownFileType = sourcecode.swift; path = User.swift; sourceTree = "<group>"; };
		AF04A3321DCBDC6D009A6131 /* Tweet.swift */ = {isa = PBXFileReference; fileEncoding = 4; lastKnownFileType = sourcecode.swift; path = Tweet.swift; sourceTree = "<group>"; };
		AF04A3351DCC1A31009A6131 /* TwitterClient.swift */ = {isa = PBXFileReference; fileEncoding = 4; lastKnownFileType = sourcecode.swift; path = TwitterClient.swift; sourceTree = "<group>"; };
		AF1BA4B41DCFFF8200F3072D /* DetailViewController.swift */ = {isa = PBXFileReference; fileEncoding = 4; lastKnownFileType = sourcecode.swift; path = DetailViewController.swift; sourceTree = "<group>"; };
		AF4758111DCA86F5008C6523 /* LoginViewController.swift */ = {isa = PBXFileReference; fileEncoding = 4; lastKnownFileType = sourcecode.swift; path = LoginViewController.swift; sourceTree = "<group>"; };
		AF8592271DCD068D0091860F /* TweetsViewController.swift */ = {isa = PBXFileReference; fileEncoding = 4; lastKnownFileType = sourcecode.swift; path = TweetsViewController.swift; sourceTree = "<group>"; };
		AF8592511DCD4D660091860F /* Twitter.entitlements */ = {isa = PBXFileReference; lastKnownFileType = text.plist.entitlements; path = Twitter.entitlements; sourceTree = "<group>"; };
		AFA30BF11DCD5548003678D6 /* TweetCell.swift */ = {isa = PBXFileReference; fileEncoding = 4; lastKnownFileType = sourcecode.swift; name = TweetCell.swift; path = ../TweetCell.swift; sourceTree = "<group>"; };
		AFA30BF31DCFE0A2003678D6 /* ComposeViewController.swift */ = {isa = PBXFileReference; fileEncoding = 4; lastKnownFileType = sourcecode.swift; path = ComposeViewController.swift; sourceTree = "<group>"; };
		AFED646F1DCA82B900C9578F /* Twitter.app */ = {isa = PBXFileReference; explicitFileType = wrapper.application; includeInIndex = 0; path = Twitter.app; sourceTree = BUILT_PRODUCTS_DIR; };
		AFED64721DCA82B900C9578F /* AppDelegate.swift */ = {isa = PBXFileReference; lastKnownFileType = sourcecode.swift; path = AppDelegate.swift; sourceTree = "<group>"; };
		AFED64771DCA82B900C9578F /* Base */ = {isa = PBXFileReference; lastKnownFileType = file.storyboard; name = Base; path = Base.lproj/Main.storyboard; sourceTree = "<group>"; };
		AFED64791DCA82B900C9578F /* Assets.xcassets */ = {isa = PBXFileReference; lastKnownFileType = folder.assetcatalog; path = Assets.xcassets; sourceTree = "<group>"; };
		AFED647C1DCA82B900C9578F /* Base */ = {isa = PBXFileReference; lastKnownFileType = file.storyboard; name = Base; path = Base.lproj/LaunchScreen.storyboard; sourceTree = "<group>"; };
		AFED647E1DCA82B900C9578F /* Info.plist */ = {isa = PBXFileReference; lastKnownFileType = text.plist.xml; path = Info.plist; sourceTree = "<group>"; };
		D57EE63795E742A561C7DB3D /* Pods_Twitter.framework */ = {isa = PBXFileReference; explicitFileType = wrapper.framework; includeInIndex = 0; path = Pods_Twitter.framework; sourceTree = BUILT_PRODUCTS_DIR; };
/* End PBXFileReference section */

/* Begin PBXFrameworksBuildPhase section */
		AFED646C1DCA82B900C9578F /* Frameworks */ = {
			isa = PBXFrameworksBuildPhase;
			buildActionMask = 2147483647;
			files = (
				9796A5F387A70B06EADA93D4 /* Pods_Twitter.framework in Frameworks */,
			);
			runOnlyForDeploymentPostprocessing = 0;
		};
/* End PBXFrameworksBuildPhase section */

/* Begin PBXGroup section */
		6E3F28D1B22EF19F248B96CC /* Pods */ = {
			isa = PBXGroup;
			children = (
				995E47A0A770A0207FC081BA /* Pods-Twitter.debug.xcconfig */,
				469BB80E16CDD4C65FC3B70B /* Pods-Twitter.release.xcconfig */,
			);
			name = Pods;
			sourceTree = "<group>";
		};
		AF04A32E1DCBDC1F009A6131 /* Models */ = {
			isa = PBXGroup;
			children = (
				AF04A3301DCBDC5F009A6131 /* User.swift */,
				AF04A3321DCBDC6D009A6131 /* Tweet.swift */,
			);
			name = Models;
			sourceTree = "<group>";
		};
		AF04A32F1DCBDC2A009A6131 /* View Controllers */ = {
			isa = PBXGroup;
			children = (
				AF4758111DCA86F5008C6523 /* LoginViewController.swift */,
				AF8592271DCD068D0091860F /* TweetsViewController.swift */,
				AFA30BF31DCFE0A2003678D6 /* ComposeViewController.swift */,
				AF1BA4B41DCFFF8200F3072D /* DetailViewController.swift */,
			);
			name = "View Controllers";
			sourceTree = "<group>";
		};
		AF04A3341DCC1A13009A6131 /* API */ = {
			isa = PBXGroup;
			children = (
				AF04A3351DCC1A31009A6131 /* TwitterClient.swift */,
			);
			name = API;
			sourceTree = "<group>";
		};
		AFED64661DCA82B900C9578F = {
			isa = PBXGroup;
			children = (
				AFED64711DCA82B900C9578F /* Twitter */,
				AFED64701DCA82B900C9578F /* Products */,
				6E3F28D1B22EF19F248B96CC /* Pods */,
				F7888EDEBCF0BC257349DABB /* Frameworks */,
			);
			sourceTree = "<group>";
		};
		AFED64701DCA82B900C9578F /* Products */ = {
			isa = PBXGroup;
			children = (
				AFED646F1DCA82B900C9578F /* Twitter.app */,
			);
			name = Products;
			sourceTree = "<group>";
		};
		AFED64711DCA82B900C9578F /* Twitter */ = {
			isa = PBXGroup;
			children = (
				AF8592511DCD4D660091860F /* Twitter.entitlements */,
				AF04A3341DCC1A13009A6131 /* API */,
				AF04A32F1DCBDC2A009A6131 /* View Controllers */,
				AF04A32E1DCBDC1F009A6131 /* Models */,
				AFED64721DCA82B900C9578F /* AppDelegate.swift */,
				AFA30BF11DCD5548003678D6 /* TweetCell.swift */,
				AFED64761DCA82B900C9578F /* Main.storyboard */,
				AFED64791DCA82B900C9578F /* Assets.xcassets */,
				AFED647B1DCA82B900C9578F /* LaunchScreen.storyboard */,
				AFED647E1DCA82B900C9578F /* Info.plist */,
			);
			path = Twitter;
			sourceTree = "<group>";
		};
		F7888EDEBCF0BC257349DABB /* Frameworks */ = {
			isa = PBXGroup;
			children = (
				D57EE63795E742A561C7DB3D /* Pods_Twitter.framework */,
			);
			name = Frameworks;
			sourceTree = "<group>";
		};
/* End PBXGroup section */

/* Begin PBXNativeTarget section */
		AFED646E1DCA82B900C9578F /* Twitter */ = {
			isa = PBXNativeTarget;
			buildConfigurationList = AFED64811DCA82B900C9578F /* Build configuration list for PBXNativeTarget "Twitter" */;
			buildPhases = (
				07FF49BAEB5B4C23C45F368C /* [CP] Check Pods Manifest.lock */,
				AFED646B1DCA82B900C9578F /* Sources */,
				AFED646C1DCA82B900C9578F /* Frameworks */,
				AFED646D1DCA82B900C9578F /* Resources */,
				2EC6C95EA3DA14094836C5D0 /* [CP] Embed Pods Frameworks */,
				F058F54BA32192ED546B54BA /* [CP] Copy Pods Resources */,
			);
			buildRules = (
			);
			dependencies = (
			);
			name = Twitter;
			productName = Twitter;
			productReference = AFED646F1DCA82B900C9578F /* Twitter.app */;
			productType = "com.apple.product-type.application";
		};
/* End PBXNativeTarget section */

/* Begin PBXProject section */
		AFED64671DCA82B900C9578F /* Project object */ = {
			isa = PBXProject;
			attributes = {
				LastSwiftUpdateCheck = 0800;
				LastUpgradeCheck = 0800;
				ORGANIZATIONNAME = tingting_gao;
				TargetAttributes = {
					AFED646E1DCA82B900C9578F = {
						CreatedOnToolsVersion = 8.0;
						DevelopmentTeam = 6CPHQP7BRL;
						ProvisioningStyle = Automatic;
						SystemCapabilities = {
							com.apple.Keychain = {
								enabled = 1;
							};
						};
					};
				};
			};
			buildConfigurationList = AFED646A1DCA82B900C9578F /* Build configuration list for PBXProject "Twitter" */;
			compatibilityVersion = "Xcode 3.2";
			developmentRegion = English;
			hasScannedForEncodings = 0;
			knownRegions = (
				en,
				Base,
			);
			mainGroup = AFED64661DCA82B900C9578F;
			productRefGroup = AFED64701DCA82B900C9578F /* Products */;
			projectDirPath = "";
			projectRoot = "";
			targets = (
				AFED646E1DCA82B900C9578F /* Twitter */,
			);
		};
/* End PBXProject section */

/* Begin PBXResourcesBuildPhase section */
		AFED646D1DCA82B900C9578F /* Resources */ = {
			isa = PBXResourcesBuildPhase;
			buildActionMask = 2147483647;
			files = (
				AFED647D1DCA82B900C9578F /* LaunchScreen.storyboard in Resources */,
				AFED647A1DCA82B900C9578F /* Assets.xcassets in Resources */,
				AFED64781DCA82B900C9578F /* Main.storyboard in Resources */,
			);
			runOnlyForDeploymentPostprocessing = 0;
		};
/* End PBXResourcesBuildPhase section */

/* Begin PBXShellScriptBuildPhase section */
		07FF49BAEB5B4C23C45F368C /* [CP] Check Pods Manifest.lock */ = {
			isa = PBXShellScriptBuildPhase;
			buildActionMask = 2147483647;
			files = (
			);
			inputPaths = (
			);
			name = "[CP] Check Pods Manifest.lock";
			outputPaths = (
			);
			runOnlyForDeploymentPostprocessing = 0;
			shellPath = /bin/sh;
			shellScript = "diff \"${PODS_ROOT}/../Podfile.lock\" \"${PODS_ROOT}/Manifest.lock\" > /dev/null\nif [ $? != 0 ] ; then\n    # print error to STDERR\n    echo \"error: The sandbox is not in sync with the Podfile.lock. Run 'pod install' or update your CocoaPods installation.\" >&2\n    exit 1\nfi\n";
			showEnvVarsInLog = 0;
		};
		2EC6C95EA3DA14094836C5D0 /* [CP] Embed Pods Frameworks */ = {
			isa = PBXShellScriptBuildPhase;
			buildActionMask = 2147483647;
			files = (
			);
			inputPaths = (
			);
			name = "[CP] Embed Pods Frameworks";
			outputPaths = (
			);
			runOnlyForDeploymentPostprocessing = 0;
			shellPath = /bin/sh;
			shellScript = "\"${SRCROOT}/Pods/Target Support Files/Pods-Twitter/Pods-Twitter-frameworks.sh\"\n";
			showEnvVarsInLog = 0;
		};
		F058F54BA32192ED546B54BA /* [CP] Copy Pods Resources */ = {
			isa = PBXShellScriptBuildPhase;
			buildActionMask = 2147483647;
			files = (
			);
			inputPaths = (
			);
			name = "[CP] Copy Pods Resources";
			outputPaths = (
			);
			runOnlyForDeploymentPostprocessing = 0;
			shellPath = /bin/sh;
			shellScript = "\"${SRCROOT}/Pods/Target Support Files/Pods-Twitter/Pods-Twitter-resources.sh\"\n";
			showEnvVarsInLog = 0;
		};
/* End PBXShellScriptBuildPhase section */

/* Begin PBXSourcesBuildPhase section */
		AFED646B1DCA82B900C9578F /* Sources */ = {
			isa = PBXSourcesBuildPhase;
			buildActionMask = 2147483647;
			files = (
				AF1BA4B51DCFFF8200F3072D /* DetailViewController.swift in Sources */,
				AF04A3311DCBDC5F009A6131 /* User.swift in Sources */,
				AFA30BF21DCD5548003678D6 /* TweetCell.swift in Sources */,
				AF04A3331DCBDC6D009A6131 /* Tweet.swift in Sources */,
				AFA30BF41DCFE0A2003678D6 /* ComposeViewController.swift in Sources */,
				AF4758121DCA86F5008C6523 /* LoginViewController.swift in Sources */,
				AF8592281DCD068D0091860F /* TweetsViewController.swift in Sources */,
				AF04A3361DCC1A31009A6131 /* TwitterClient.swift in Sources */,
				AFED64731DCA82B900C9578F /* AppDelegate.swift in Sources */,
			);
			runOnlyForDeploymentPostprocessing = 0;
		};
/* End PBXSourcesBuildPhase section */

/* Begin PBXVariantGroup section */
		AFED64761DCA82B900C9578F /* Main.storyboard */ = {
			isa = PBXVariantGroup;
			children = (
				AFED64771DCA82B900C9578F /* Base */,
			);
			name = Main.storyboard;
			sourceTree = "<group>";
		};
		AFED647B1DCA82B900C9578F /* LaunchScreen.storyboard */ = {
			isa = PBXVariantGroup;
			children = (
				AFED647C1DCA82B900C9578F /* Base */,
			);
			name = LaunchScreen.storyboard;
			sourceTree = "<group>";
		};
/* End PBXVariantGroup section */

/* Begin XCBuildConfiguration section */
		AFED647F1DCA82B900C9578F /* Debug */ = {
			isa = XCBuildConfiguration;
			buildSettings = {
				ALWAYS_SEARCH_USER_PATHS = NO;
				CLANG_ANALYZER_NONNULL = YES;
				CLANG_CXX_LANGUAGE_STANDARD = "gnu++0x";
				CLANG_CXX_LIBRARY = "libc++";
				CLANG_ENABLE_MODULES = YES;
				CLANG_ENABLE_OBJC_ARC = YES;
				CLANG_WARN_BOOL_CONVERSION = YES;
				CLANG_WARN_CONSTANT_CONVERSION = YES;
				CLANG_WARN_DIRECT_OBJC_ISA_USAGE = YES_ERROR;
				CLANG_WARN_DOCUMENTATION_COMMENTS = YES;
				CLANG_WARN_EMPTY_BODY = YES;
				CLANG_WARN_ENUM_CONVERSION = YES;
				CLANG_WARN_INFINITE_RECURSION = YES;
				CLANG_WARN_INT_CONVERSION = YES;
				CLANG_WARN_OBJC_ROOT_CLASS = YES_ERROR;
				CLANG_WARN_SUSPICIOUS_MOVES = YES;
				CLANG_WARN_UNREACHABLE_CODE = YES;
				CLANG_WARN__DUPLICATE_METHOD_MATCH = YES;
				"CODE_SIGN_IDENTITY[sdk=iphoneos*]" = "iPhone Developer";
				COPY_PHASE_STRIP = NO;
				DEBUG_INFORMATION_FORMAT = dwarf;
				ENABLE_STRICT_OBJC_MSGSEND = YES;
				ENABLE_TESTABILITY = YES;
				GCC_C_LANGUAGE_STANDARD = gnu99;
				GCC_DYNAMIC_NO_PIC = NO;
				GCC_NO_COMMON_BLOCKS = YES;
				GCC_OPTIMIZATION_LEVEL = 0;
				GCC_PREPROCESSOR_DEFINITIONS = (
					"DEBUG=1",
					"$(inherited)",
				);
				GCC_WARN_64_TO_32_BIT_CONVERSION = YES;
				GCC_WARN_ABOUT_RETURN_TYPE = YES_ERROR;
				GCC_WARN_UNDECLARED_SELECTOR = YES;
				GCC_WARN_UNINITIALIZED_AUTOS = YES_AGGRESSIVE;
				GCC_WARN_UNUSED_FUNCTION = YES;
				GCC_WARN_UNUSED_VARIABLE = YES;
				IPHONEOS_DEPLOYMENT_TARGET = 10.0;
				MTL_ENABLE_DEBUG_INFO = YES;
				ONLY_ACTIVE_ARCH = YES;
				SDKROOT = iphoneos;
				SWIFT_ACTIVE_COMPILATION_CONDITIONS = DEBUG;
				SWIFT_OPTIMIZATION_LEVEL = "-Onone";
			};
			name = Debug;
		};
		AFED64801DCA82B900C9578F /* Release */ = {
			isa = XCBuildConfiguration;
			buildSettings = {
				ALWAYS_SEARCH_USER_PATHS = NO;
				CLANG_ANALYZER_NONNULL = YES;
				CLANG_CXX_LANGUAGE_STANDARD = "gnu++0x";
				CLANG_CXX_LIBRARY = "libc++";
				CLANG_ENABLE_MODULES = YES;
				CLANG_ENABLE_OBJC_ARC = YES;
				CLANG_WARN_BOOL_CONVERSION = YES;
				CLANG_WARN_CONSTANT_CONVERSION = YES;
				CLANG_WARN_DIRECT_OBJC_ISA_USAGE = YES_ERROR;
				CLANG_WARN_DOCUMENTATION_COMMENTS = YES;
				CLANG_WARN_EMPTY_BODY = YES;
				CLANG_WARN_ENUM_CONVERSION = YES;
				CLANG_WARN_INFINITE_RECURSION = YES;
				CLANG_WARN_INT_CONVERSION = YES;
				CLANG_WARN_OBJC_ROOT_CLASS = YES_ERROR;
				CLANG_WARN_SUSPICIOUS_MOVES = YES;
				CLANG_WARN_UNREACHABLE_CODE = YES;
				CLANG_WARN__DUPLICATE_METHOD_MATCH = YES;
				"CODE_SIGN_IDENTITY[sdk=iphoneos*]" = "iPhone Developer";
				COPY_PHASE_STRIP = NO;
				DEBUG_INFORMATION_FORMAT = "dwarf-with-dsym";
				ENABLE_NS_ASSERTIONS = NO;
				ENABLE_STRICT_OBJC_MSGSEND = YES;
				GCC_C_LANGUAGE_STANDARD = gnu99;
				GCC_NO_COMMON_BLOCKS = YES;
				GCC_WARN_64_TO_32_BIT_CONVERSION = YES;
				GCC_WARN_ABOUT_RETURN_TYPE = YES_ERROR;
				GCC_WARN_UNDECLARED_SELECTOR = YES;
				GCC_WARN_UNINITIALIZED_AUTOS = YES_AGGRESSIVE;
				GCC_WARN_UNUSED_FUNCTION = YES;
				GCC_WARN_UNUSED_VARIABLE = YES;
				IPHONEOS_DEPLOYMENT_TARGET = 10.0;
				MTL_ENABLE_DEBUG_INFO = NO;
				SDKROOT = iphoneos;
				SWIFT_OPTIMIZATION_LEVEL = "-Owholemodule";
				VALIDATE_PRODUCT = YES;
			};
			name = Release;
		};
		AFED64821DCA82B900C9578F /* Debug */ = {
			isa = XCBuildConfiguration;
			baseConfigurationReference = 995E47A0A770A0207FC081BA /* Pods-Twitter.debug.xcconfig */;
			buildSettings = {
				ASSETCATALOG_COMPILER_APPICON_NAME = AppIcon;
				CODE_SIGN_ENTITLEMENTS = Twitter/Twitter.entitlements;
				DEVELOPMENT_TEAM = 6CPHQP7BRL;
				INFOPLIST_FILE = Twitter/Info.plist;
				LD_RUNPATH_SEARCH_PATHS = "$(inherited) @executable_path/Frameworks";
				PRODUCT_BUNDLE_IDENTIFIER = "Tingting-Gao.Twitter";
				PRODUCT_NAME = "$(TARGET_NAME)";
				SWIFT_VERSION = 3.0;
			};
			name = Debug;
		};
		AFED64831DCA82B900C9578F /* Release */ = {
			isa = XCBuildConfiguration;
			baseConfigurationReference = 469BB80E16CDD4C65FC3B70B /* Pods-Twitter.release.xcconfig */;
			buildSettings = {
				ASSETCATALOG_COMPILER_APPICON_NAME = AppIcon;
				CODE_SIGN_ENTITLEMENTS = Twitter/Twitter.entitlements;
				DEVELOPMENT_TEAM = 6CPHQP7BRL;
				INFOPLIST_FILE = Twitter/Info.plist;
				LD_RUNPATH_SEARCH_PATHS = "$(inherited) @executable_path/Frameworks";
				PRODUCT_BUNDLE_IDENTIFIER = "Tingting-Gao.Twitter";
				PRODUCT_NAME = "$(TARGET_NAME)";
				SWIFT_VERSION = 3.0;
			};
			name = Release;
		};
/* End XCBuildConfiguration section */

/* Begin XCConfigurationList section */
		AFED646A1DCA82B900C9578F /* Build configuration list for PBXProject "Twitter" */ = {
			isa = XCConfigurationList;
			buildConfigurations = (
				AFED647F1DCA82B900C9578F /* Debug */,
				AFED64801DCA82B900C9578F /* Release */,
			);
			defaultConfigurationIsVisible = 0;
			defaultConfigurationName = Release;
		};
		AFED64811DCA82B900C9578F /* Build configuration list for PBXNativeTarget "Twitter" */ = {
			isa = XCConfigurationList;
			buildConfigurations = (
				AFED64821DCA82B900C9578F /* Debug */,
				AFED64831DCA82B900C9578F /* Release */,
			);
			defaultConfigurationIsVisible = 0;
			defaultConfigurationName = Release;
		};
/* End XCConfigurationList section */
	};
	rootObject = AFED64671DCA82B900C9578F /* Project object */;
}
